// !$*UTF8*$!
{
	archiveVersion = 1;
	classes = {
	};
	objectVersion = 46;
	objects = {

/* Begin PBXBuildFile section */
		860165121BDFAE4900F07A93 /* main.cpp in Sources */ = {isa = PBXBuildFile; fileRef = 860165111BDFAE4900F07A93 /* main.cpp */; };
/* End PBXBuildFile section */

/* Begin PBXCopyFilesBuildPhase section */
		8601650C1BDFAE4900F07A93 /* CopyFiles */ = {
			isa = PBXCopyFilesBuildPhase;
			buildActionMask = 2147483647;
			dstPath = /usr/share/man/man1/;
			dstSubfolderSpec = 0;
			files = (
			);
			runOnlyForDeploymentPostprocessing = 1;
		};
/* End PBXCopyFilesBuildPhase section */

/* Begin PBXFileReference section */
		8601650E1BDFAE4900F07A93 /* HF06_CserichD */ = {isa = PBXFileReference; explicitFileType = "compiled.mach-o.executable"; includeInIndex = 0; path = HF06_CserichD; sourceTree = BUILT_PRODUCTS_DIR; };
		860165111BDFAE4900F07A93 /* main.cpp */ = {isa = PBXFileReference; indentWidth = 2; lastKnownFileType = sourcecode.cpp.cpp; path = main.cpp; sourceTree = "<group>"; tabWidth = 2; };
/* End PBXFileReference section */

/* Begin PBXFrameworksBuildPhase section */
		8601650B1BDFAE4900F07A93 /* Frameworks */ = {
			isa = PBXFrameworksBuildPhase;
			buildActionMask = 2147483647;
			files = (
			);
			runOnlyForDeploymentPostprocessing = 0;
		};
/* End PBXFrameworksBuildPhase section */

/* Begin PBXGroup section */
		860165051BDFAE4900F07A93 = {
			isa = PBXGroup;
			children = (
				860165101BDFAE4900F07A93 /* HF06_CserichD */,
				8601650F1BDFAE4900F07A93 /* Products */,
			);
			sourceTree = "<group>";
		};
		8601650F1BDFAE4900F07A93 /* Products */ = {
			isa = PBXGroup;
			children = (
				8601650E1BDFAE4900F07A93 /* HF06_CserichD */,
			);
			name = Products;
			sourceTree = "<group>";
		};
		860165101BDFAE4900F07A93 /* HF06_CserichD */ = {
			isa = PBXGroup;
			children = (
				860165111BDFAE4900F07A93 /* main.cpp */,
			);
			path = HF06_CserichD;
			sourceTree = "<group>";
		};
/* End PBXGroup section */

/* Begin PBXNativeTarget section */
		8601650D1BDFAE4900F07A93 /* HF06_CserichD */ = {
			isa = PBXNativeTarget;
			buildConfigurationList = 860165151BDFAE4900F07A93 /* Build configuration list for PBXNativeTarget "HF06_CserichD" */;
			buildPhases = (
				8601650A1BDFAE4900F07A93 /* Sources */,
				8601650B1BDFAE4900F07A93 /* Frameworks */,
				8601650C1BDFAE4900F07A93 /* CopyFiles */,
			);
			buildRules = (
			);
			dependencies = (
			);
			name = HF06_CserichD;
			productName = HF06_CserichD;
			productReference = 8601650E1BDFAE4900F07A93 /* HF06_CserichD */;
			productType = "com.apple.product-type.tool";
		};
/* End PBXNativeTarget section */

/* Begin PBXProject section */
		860165061BDFAE4900F07A93 /* Project object */ = {
			isa = PBXProject;
			attributes = {
				LastUpgradeCheck = 0700;
				ORGANIZATIONNAME = "Cserich David";
				TargetAttributes = {
					8601650D1BDFAE4900F07A93 = {
						CreatedOnToolsVersion = 7.0.1;
					};
				};
			};
			buildConfigurationList = 860165091BDFAE4900F07A93 /* Build configuration list for PBXProject "HF06_CserichD" */;
			compatibilityVersion = "Xcode 3.2";
			developmentRegion = English;
			hasScannedForEncodings = 0;
			knownRegions = (
				en,
			);
			mainGroup = 860165051BDFAE4900F07A93;
			productRefGroup = 8601650F1BDFAE4900F07A93 /* Products */;
			projectDirPath = "";
			projectRoot = "";
			targets = (
				8601650D1BDFAE4900F07A93 /* HF06_CserichD */,
			);
		};
/* End PBXProject section */

/* Begin PBXSourcesBuildPhase section */
		8601650A1BDFAE4900F07A93 /* Sources */ = {
			isa = PBXSourcesBuildPhase;
			buildActionMask = 2147483647;
			files = (
				860165121BDFAE4900F07A93 /* main.cpp in Sources */,
			);
			runOnlyForDeploymentPostprocessing = 0;
		};
/* End PBXSourcesBuildPhase section */

/* Begin XCBuildConfiguration section */
		860165131BDFAE4900F07A93 /* Debug */ = {
			isa = XCBuildConfiguration;
			buildSettings = {
				ALWAYS_SEARCH_USER_PATHS = NO;
				CLANG_CXX_LANGUAGE_STANDARD = "gnu++0x";
				CLANG_CXX_LIBRARY = "libc++";
				CLANG_ENABLE_MODULES = YES;
				CLANG_ENABLE_OBJC_ARC = YES;
				CLANG_WARN_BOOL_CONVERSION = YES;
				CLANG_WARN_CONSTANT_CONVERSION = YES;
				CLANG_WARN_DIRECT_OBJC_ISA_USAGE = YES_ERROR;
				CLANG_WARN_EMPTY_BODY = YES;
				CLANG_WARN_ENUM_CONVERSION = YES;
				CLANG_WARN_INT_CONVERSION = YES;
				CLANG_WARN_OBJC_ROOT_CLASS = YES_ERROR;
				CLANG_WARN_UNREACHABLE_CODE = YES;
				CLANG_WARN__DUPLICATE_METHOD_MATCH = YES;
				COPY_PHASE_STRIP = NO;
				DEBUG_INFORMATION_FORMAT = dwarf;
				ENABLE_STRICT_OBJC_MSGSEND = YES;
				ENABLE_TESTABILITY = YES;
				GCC_C_LANGUAGE_STANDARD = gnu99;
				GCC_DYNAMIC_NO_PIC = NO;
				GCC_NO_COMMON_BLOCKS = YES;
				GCC_OPTIMIZATION_LEVEL = 0;
				GCC_PREPROCESSOR_DEFINITIONS = (
					"DEBUG=1",
					"$(inherited)",
				);
				GCC_WARN_64_TO_32_BIT_CONVERSION = YES;
				GCC_WARN_ABOUT_RETURN_TYPE = YES_ERROR;
				GCC_WARN_UNDECLARED_SELECTOR = YES;
				GCC_WARN_UNINITIALIZED_AUTOS = YES_AGGRESSIVE;
				GCC_WARN_UNUSED_FUNCTION = YES;
				GCC_WARN_UNUSED_VARIABLE = YES;
				MACOSX_DEPLOYMENT_TARGET = 10.10;
				MTL_ENABLE_DEBUG_INFO = YES;
				ONLY_ACTIVE_ARCH = YES;
				SDKROOT = macosx;
			};
			name = Debug;
		};
		860165141BDFAE4900F07A93 /* Release */ = {
			isa = XCBuildConfiguration;
			buildSettings = {
				ALWAYS_SEARCH_USER_PATHS = NO;
				CLANG_CXX_LANGUAGE_STANDARD = "gnu++0x";
				CLANG_CXX_LIBRARY = "libc++";
				CLANG_ENABLE_MODULES = YES;
				CLANG_ENABLE_OBJC_ARC = YES;
				CLANG_WARN_BOOL_CONVERSION = YES;
				CLANG_WARN_CONSTANT_CONVERSION = YES;
				CLANG_WARN_DIRECT_OBJC_ISA_USAGE = YES_ERROR;
				CLANG_WARN_EMPTY_BODY = YES;
				CLANG_WARN_ENUM_CONVERSION = YES;
				CLANG_WARN_INT_CONVERSION = YES;
				CLANG_WARN_OBJC_ROOT_CLASS = YES_ERROR;
				CLANG_WARN_UNREACHABLE_CODE = YES;
				CLANG_WARN__DUPLICATE_METHOD_MATCH = YES;
				COPY_PHASE_STRIP = NO;
				DEBUG_INFORMATION_FORMAT = "dwarf-with-dsym";
				ENABLE_NS_ASSERTIONS = NO;
				ENABLE_STRICT_OBJC_MSGSEND = YES;
				GCC_C_LANGUAGE_STANDARD = gnu99;
				GCC_NO_COMMON_BLOCKS = YES;
				GCC_WARN_64_TO_32_BIT_CONVERSION = YES;
				GCC_WARN_ABOUT_RETURN_TYPE = YES_ERROR;
				GCC_WARN_UNDECLARED_SELECTOR = YES;
				GCC_WARN_UNINITIALIZED_AUTOS = YES_AGGRESSIVE;
				GCC_WARN_UNUSED_FUNCTION = YES;
				GCC_WARN_UNUSED_VARIABLE = YES;
				MACOSX_DEPLOYMENT_TARGET = 10.10;
				MTL_ENABLE_DEBUG_INFO = NO;
				SDKROOT = macosx;
			};
			name = Release;
		};
		860165161BDFAE4900F07A93 /* Debug */ = {
			isa = XCBuildConfiguration;
			buildSettings = {
				PRODUCT_NAME = "$(TARGET_NAME)";
			};
			name = Debug;
		};
		860165171BDFAE4900F07A93 /* Release */ = {
			isa = XCBuildConfiguration;
			buildSettings = {
				PRODUCT_NAME = "$(TARGET_NAME)";
			};
			name = Release;
		};
/* End XCBuildConfiguration section */

/* Begin XCConfigurationList section */
		860165091BDFAE4900F07A93 /* Build configuration list for PBXProject "HF06_CserichD" */ = {
			isa = XCConfigurationList;
			buildConfigurations = (
				860165131BDFAE4900F07A93 /* Debug */,
				860165141BDFAE4900F07A93 /* Release */,
			);
			defaultConfigurationIsVisible = 0;
			defaultConfigurationName = Release;
		};
		860165151BDFAE4900F07A93 /* Build configuration list for PBXNativeTarget "HF06_CserichD" */ = {
			isa = XCConfigurationList;
			buildConfigurations = (
				860165161BDFAE4900F07A93 /* Debug */,
				860165171BDFAE4900F07A93 /* Release */,
			);
			defaultConfigurationIsVisible = 0;
		};
/* End XCConfigurationList section */
	};
	rootObject = 860165061BDFAE4900F07A93 /* Project object */;
}
